
Microsoft Visual Studio Solution File, Format Version 12.00
# Visual Studio Version 16
VisualStudioVersion = 16.0.29728.190
MinimumVisualStudioVersion = 10.0.40219.1
Project("{888888A0-9F3D-457C-B088-3A5042F75D52}") = "Code review-2", "Code review-2.pyproj", "{9E423438-C8AB-4214-B771-EC7816AA53E6}"
EndProject
Global
	GlobalSection(SolutionConfigurationPlatforms) = preSolution
		Debug|Any CPU = Debug|Any CPU
		Release|Any CPU = Release|Any CPU
	EndGlobalSection
	GlobalSection(ProjectConfigurationPlatforms) = postSolution
		{9E423438-C8AB-4214-B771-EC7816AA53E6}.Debug|Any CPU.ActiveCfg = Debug|Any CPU
		{9E423438-C8AB-4214-B771-EC7816AA53E6}.Release|Any CPU.ActiveCfg = Release|Any CPU
	EndGlobalSection
	GlobalSection(SolutionProperties) = preSolution
		HideSolutionNode = FALSE
	EndGlobalSection
	GlobalSection(ExtensibilityGlobals) = postSolution
		SolutionGuid = {10151D76-58AF-4AA8-AACB-2EA24E1186BA}
	EndGlobalSection
EndGlobal
