
Microsoft Visual Studio Solution File, Format Version 12.00
# Visual Studio Version 16
VisualStudioVersion = 16.0.29728.190
MinimumVisualStudioVersion = 10.0.40219.1
Project("{888888A0-9F3D-457C-B088-3A5042F75D52}") = "NameSpace", "NameSpace.pyproj", "{C244C077-9EAF-4F43-9430-5D334225E58C}"
EndProject
Global
	GlobalSection(SolutionConfigurationPlatforms) = preSolution
		Debug|Any CPU = Debug|Any CPU
		Release|Any CPU = Release|Any CPU
	EndGlobalSection
	GlobalSection(ProjectConfigurationPlatforms) = postSolution
		{C244C077-9EAF-4F43-9430-5D334225E58C}.Debug|Any CPU.ActiveCfg = Debug|Any CPU
		{C244C077-9EAF-4F43-9430-5D334225E58C}.Release|Any CPU.ActiveCfg = Release|Any CPU
	EndGlobalSection
	GlobalSection(SolutionProperties) = preSolution
		HideSolutionNode = FALSE
	EndGlobalSection
	GlobalSection(ExtensibilityGlobals) = postSolution
		SolutionGuid = {B8749ECD-C61E-41E3-BACF-5853CBD7F523}
	EndGlobalSection
EndGlobal
