
Microsoft Visual Studio Solution File, Format Version 12.00
# Visual Studio Version 16
VisualStudioVersion = 16.0.29728.190
MinimumVisualStudioVersion = 10.0.40219.1
Project("{888888A0-9F3D-457C-B088-3A5042F75D52}") = "Together", "Together.pyproj", "{A6639F52-C4ED-4135-A352-3F820CBFDAAE}"
EndProject
Global
	GlobalSection(SolutionConfigurationPlatforms) = preSolution
		Debug|Any CPU = Debug|Any CPU
		Release|Any CPU = Release|Any CPU
	EndGlobalSection
	GlobalSection(ProjectConfigurationPlatforms) = postSolution
		{A6639F52-C4ED-4135-A352-3F820CBFDAAE}.Debug|Any CPU.ActiveCfg = Debug|Any CPU
		{A6639F52-C4ED-4135-A352-3F820CBFDAAE}.Release|Any CPU.ActiveCfg = Release|Any CPU
	EndGlobalSection
	GlobalSection(SolutionProperties) = preSolution
		HideSolutionNode = FALSE
	EndGlobalSection
	GlobalSection(ExtensibilityGlobals) = postSolution
		SolutionGuid = {0135C661-31BE-48A6-8F82-9ADEE0243C33}
	EndGlobalSection
EndGlobal
