
Microsoft Visual Studio Solution File, Format Version 12.00
# Visual Studio Version 16
VisualStudioVersion = 16.0.29728.190
MinimumVisualStudioVersion = 10.0.40219.1
Project("{888888A0-9F3D-457C-B088-3A5042F75D52}") = "Sum of factorials 2", "Sum of factorials 2.pyproj", "{A1A1C5AD-B348-45F3-AEDD-83A47863017E}"
EndProject
Global
	GlobalSection(SolutionConfigurationPlatforms) = preSolution
		Debug|Any CPU = Debug|Any CPU
		Release|Any CPU = Release|Any CPU
	EndGlobalSection
	GlobalSection(ProjectConfigurationPlatforms) = postSolution
		{A1A1C5AD-B348-45F3-AEDD-83A47863017E}.Debug|Any CPU.ActiveCfg = Debug|Any CPU
		{A1A1C5AD-B348-45F3-AEDD-83A47863017E}.Release|Any CPU.ActiveCfg = Release|Any CPU
	EndGlobalSection
	GlobalSection(SolutionProperties) = preSolution
		HideSolutionNode = FALSE
	EndGlobalSection
	GlobalSection(ExtensibilityGlobals) = postSolution
		SolutionGuid = {F35395BB-731D-4A9F-866D-1B2BBB0AC310}
	EndGlobalSection
EndGlobal
