
Microsoft Visual Studio Solution File, Format Version 12.00
# Visual Studio Version 16
VisualStudioVersion = 16.0.29728.190
MinimumVisualStudioVersion = 10.0.40219.1
Project("{888888A0-9F3D-457C-B088-3A5042F75D52}") = "Code review-1", "Code review-1.pyproj", "{71E24863-DE52-4002-AD1C-D084F5D1292E}"
EndProject
Global
	GlobalSection(SolutionConfigurationPlatforms) = preSolution
		Debug|Any CPU = Debug|Any CPU
		Release|Any CPU = Release|Any CPU
	EndGlobalSection
	GlobalSection(ProjectConfigurationPlatforms) = postSolution
		{71E24863-DE52-4002-AD1C-D084F5D1292E}.Debug|Any CPU.ActiveCfg = Debug|Any CPU
		{71E24863-DE52-4002-AD1C-D084F5D1292E}.Release|Any CPU.ActiveCfg = Release|Any CPU
	EndGlobalSection
	GlobalSection(SolutionProperties) = preSolution
		HideSolutionNode = FALSE
	EndGlobalSection
	GlobalSection(ExtensibilityGlobals) = postSolution
		SolutionGuid = {FC7F478F-8B2A-48E4-82F5-44592118A6A2}
	EndGlobalSection
EndGlobal
