
Microsoft Visual Studio Solution File, Format Version 12.00
# Visual Studio Version 16
VisualStudioVersion = 16.0.29728.190
MinimumVisualStudioVersion = 10.0.40219.1
Project("{888888A0-9F3D-457C-B088-3A5042F75D52}") = "Google search - 1", "Google search - 1.pyproj", "{13D6301C-C091-4679-B7D2-A2C0583BE98D}"
EndProject
Global
	GlobalSection(SolutionConfigurationPlatforms) = preSolution
		Debug|Any CPU = Debug|Any CPU
		Release|Any CPU = Release|Any CPU
	EndGlobalSection
	GlobalSection(ProjectConfigurationPlatforms) = postSolution
		{13D6301C-C091-4679-B7D2-A2C0583BE98D}.Debug|Any CPU.ActiveCfg = Debug|Any CPU
		{13D6301C-C091-4679-B7D2-A2C0583BE98D}.Release|Any CPU.ActiveCfg = Release|Any CPU
	EndGlobalSection
	GlobalSection(SolutionProperties) = preSolution
		HideSolutionNode = FALSE
	EndGlobalSection
	GlobalSection(ExtensibilityGlobals) = postSolution
		SolutionGuid = {A3317B96-AC26-4AEC-8A74-E500F37CDF18}
	EndGlobalSection
EndGlobal
